
Microsoft Visual Studio Solution File, Format Version 12.00
# Visual Studio 14
VisualStudioVersion = 14.0.25420.1
MinimumVisualStudioVersion = 10.0.40219.1
Project("{2150E333-8FDC-42A3-9474-1A3956D46DE8}") = "src", "src", "{6AE0A781-08F2-42DE-9E47-0306D3104269}"
EndProject
Project("{2150E333-8FDC-42A3-9474-1A3956D46DE8}") = "Solution Items", "Solution Items", "{DDD51C3F-34E4-4138-BA22-DC3C566BE3E4}"
	ProjectSection(SolutionItems) = preProject
		global.json = global.json
	EndProjectSection
EndProject
Project("{8BB2217D-0F2D-49D1-97BC-3654ED321F3B}") = "Angular2Frame", "src\Angular2Frame\Angular2Frame.xproj", "{5DD92313-EF36-4DE2-9128-A53E61EF3936}"
EndProject
Global
	GlobalSection(SolutionConfigurationPlatforms) = preSolution
		Debug|Any CPU = Debug|Any CPU
		Release|Any CPU = Release|Any CPU
	EndGlobalSection
	GlobalSection(ProjectConfigurationPlatforms) = postSolution
		{5DD92313-EF36-4DE2-9128-A53E61EF3936}.Debug|Any CPU.ActiveCfg = Debug|Any CPU
		{5DD92313-EF36-4DE2-9128-A53E61EF3936}.Debug|Any CPU.Build.0 = Debug|Any CPU
		{5DD92313-EF36-4DE2-9128-A53E61EF3936}.Release|Any CPU.ActiveCfg = Release|Any CPU
		{5DD92313-EF36-4DE2-9128-A53E61EF3936}.Release|Any CPU.Build.0 = Release|Any CPU
	EndGlobalSection
	GlobalSection(SolutionProperties) = preSolution
		HideSolutionNode = FALSE
	EndGlobalSection
	GlobalSection(NestedProjects) = preSolution
		{5DD92313-EF36-4DE2-9128-A53E61EF3936} = {6AE0A781-08F2-42DE-9E47-0306D3104269}
	EndGlobalSection
EndGlobal
